// !$*UTF8*$!
{
	archiveVersion = 1;
	classes = {
	};
	objectVersion = 56;
	objects = {

/* Begin PBXBuildFile section */
		AB12426A2B3B3A3A00510B93 /* MovieDetailView.swift in Sources */ = {isa = PBXBuildFile; fileRef = AB1242692B3B3A3A00510B93 /* MovieDetailView.swift */; };
		AB12426C2B3B3A5200510B93 /* Movie.swift in Sources */ = {isa = PBXBuildFile; fileRef = AB12426B2B3B3A5200510B93 /* Movie.swift */; };
		AB12426E2B3B3ABD00510B93 /* Result.swift in Sources */ = {isa = PBXBuildFile; fileRef = AB12426D2B3B3ABD00510B93 /* Result.swift */; };
		AB1242702B3B3AD600510B93 /* BOError.swift in Sources */ = {isa = PBXBuildFile; fileRef = AB12426F2B3B3AD600510B93 /* BOError.swift */; };
		AB1242762B3B80E900510B93 /* PopularListView.swift in Sources */ = {isa = PBXBuildFile; fileRef = AB1242752B3B80E900510B93 /* PopularListView.swift */; };
		AB1242782B3B86E100510B93 /* MovieTitleView.swift in Sources */ = {isa = PBXBuildFile; fileRef = AB1242772B3B86E100510B93 /* MovieTitleView.swift */; };
		AB12427C2B3B89A900510B93 /* RatingView.swift in Sources */ = {isa = PBXBuildFile; fileRef = AB12427B2B3B89A900510B93 /* RatingView.swift */; };
		AB12427E2B3B908600510B93 /* ActorListView.swift in Sources */ = {isa = PBXBuildFile; fileRef = AB12427D2B3B908600510B93 /* ActorListView.swift */; };
		AB1242802B3B90B300510B93 /* Actor.swift in Sources */ = {isa = PBXBuildFile; fileRef = AB12427F2B3B90B300510B93 /* Actor.swift */; };
		AB1242822B3B91F100510B93 /* ActorRowView.swift in Sources */ = {isa = PBXBuildFile; fileRef = AB1242812B3B91F100510B93 /* ActorRowView.swift */; };
		AB1E221E2B3AE3B0009CD00E /* BoxOfficeApp.swift in Sources */ = {isa = PBXBuildFile; fileRef = AB1E221D2B3AE3B0009CD00E /* BoxOfficeApp.swift */; };
		AB1E22222B3AE3B1009CD00E /* Assets.xcassets in Resources */ = {isa = PBXBuildFile; fileRef = AB1E22212B3AE3B1009CD00E /* Assets.xcassets */; };
		AB1E22252B3AE3B1009CD00E /* Preview Assets.xcassets in Resources */ = {isa = PBXBuildFile; fileRef = AB1E22242B3AE3B1009CD00E /* Preview Assets.xcassets */; };
		AB505AFE2B3B2E0E00B5090E /* Constants.swift in Sources */ = {isa = PBXBuildFile; fileRef = AB505AFD2B3B2E0E00B5090E /* Constants.swift */; };
		AB8338AA2B42024B001175CF /* MovieRowView.swift in Sources */ = {isa = PBXBuildFile; fileRef = AB8338A92B42024B001175CF /* MovieRowView.swift */; };
		ABB2156B2B4207D900E68D73 /* ActorListView-ViewModel.swift in Sources */ = {isa = PBXBuildFile; fileRef = ABB2156A2B4207D900E68D73 /* ActorListView-ViewModel.swift */; };
		ABB2156D2B420A9D00E68D73 /* PopularListView-ViewModel.swift in Sources */ = {isa = PBXBuildFile; fileRef = ABB2156C2B420A9D00E68D73 /* PopularListView-ViewModel.swift */; };
		ABF485752B42D2A7004AAAAB /* FavouriteListView-ViewModel.swift in Sources */ = {isa = PBXBuildFile; fileRef = ABF485742B42D2A7004AAAAB /* FavouriteListView-ViewModel.swift */; };
		ABF485772B42D33A004AAAAB /* SortType.swift in Sources */ = {isa = PBXBuildFile; fileRef = ABF485762B42D33A004AAAAB /* SortType.swift */; };
		ABF821AE2B3C5EC000D5788D /* MainView.swift in Sources */ = {isa = PBXBuildFile; fileRef = ABF821AD2B3C5EC000D5788D /* MainView.swift */; };
		ABF821B02B3C5FD500D5788D /* FavouriteListView.swift in Sources */ = {isa = PBXBuildFile; fileRef = ABF821AF2B3C5FD500D5788D /* FavouriteListView.swift */; };
		ABF821B22B3C614E00D5788D /* FavouriteRowView.swift in Sources */ = {isa = PBXBuildFile; fileRef = ABF821B12B3C614E00D5788D /* FavouriteRowView.swift */; };
		ABF821B62B3C716200D5788D /* Favourites.swift in Sources */ = {isa = PBXBuildFile; fileRef = ABF821B52B3C716200D5788D /* Favourites.swift */; };
/* End PBXBuildFile section */

/* Begin PBXFileReference section */
		AB1242692B3B3A3A00510B93 /* MovieDetailView.swift */ = {isa = PBXFileReference; lastKnownFileType = sourcecode.swift; path = MovieDetailView.swift; sourceTree = "<group>"; };
		AB12426B2B3B3A5200510B93 /* Movie.swift */ = {isa = PBXFileReference; lastKnownFileType = sourcecode.swift; path = Movie.swift; sourceTree = "<group>"; };
		AB12426D2B3B3ABD00510B93 /* Result.swift */ = {isa = PBXFileReference; lastKnownFileType = sourcecode.swift; path = Result.swift; sourceTree = "<group>"; };
		AB12426F2B3B3AD600510B93 /* BOError.swift */ = {isa = PBXFileReference; lastKnownFileType = sourcecode.swift; path = BOError.swift; sourceTree = "<group>"; };
		AB1242752B3B80E900510B93 /* PopularListView.swift */ = {isa = PBXFileReference; lastKnownFileType = sourcecode.swift; path = PopularListView.swift; sourceTree = "<group>"; };
		AB1242772B3B86E100510B93 /* MovieTitleView.swift */ = {isa = PBXFileReference; lastKnownFileType = sourcecode.swift; path = MovieTitleView.swift; sourceTree = "<group>"; };
		AB12427B2B3B89A900510B93 /* RatingView.swift */ = {isa = PBXFileReference; lastKnownFileType = sourcecode.swift; path = RatingView.swift; sourceTree = "<group>"; };
		AB12427D2B3B908600510B93 /* ActorListView.swift */ = {isa = PBXFileReference; lastKnownFileType = sourcecode.swift; path = ActorListView.swift; sourceTree = "<group>"; };
		AB12427F2B3B90B300510B93 /* Actor.swift */ = {isa = PBXFileReference; lastKnownFileType = sourcecode.swift; path = Actor.swift; sourceTree = "<group>"; };
		AB1242812B3B91F100510B93 /* ActorRowView.swift */ = {isa = PBXFileReference; lastKnownFileType = sourcecode.swift; path = ActorRowView.swift; sourceTree = "<group>"; };
		AB1E221A2B3AE3B0009CD00E /* BoxOffice.app */ = {isa = PBXFileReference; explicitFileType = wrapper.application; includeInIndex = 0; path = BoxOffice.app; sourceTree = BUILT_PRODUCTS_DIR; };
		AB1E221D2B3AE3B0009CD00E /* BoxOfficeApp.swift */ = {isa = PBXFileReference; lastKnownFileType = sourcecode.swift; path = BoxOfficeApp.swift; sourceTree = "<group>"; };
		AB1E22212B3AE3B1009CD00E /* Assets.xcassets */ = {isa = PBXFileReference; lastKnownFileType = folder.assetcatalog; path = Assets.xcassets; sourceTree = "<group>"; };
		AB1E22242B3AE3B1009CD00E /* Preview Assets.xcassets */ = {isa = PBXFileReference; lastKnownFileType = folder.assetcatalog; path = "Preview Assets.xcassets"; sourceTree = "<group>"; };
		AB505AFD2B3B2E0E00B5090E /* Constants.swift */ = {isa = PBXFileReference; lastKnownFileType = sourcecode.swift; path = Constants.swift; sourceTree = "<group>"; };
		AB8338A92B42024B001175CF /* MovieRowView.swift */ = {isa = PBXFileReference; lastKnownFileType = sourcecode.swift; path = MovieRowView.swift; sourceTree = "<group>"; };
		ABB2156A2B4207D900E68D73 /* ActorListView-ViewModel.swift */ = {isa = PBXFileReference; lastKnownFileType = sourcecode.swift; path = "ActorListView-ViewModel.swift"; sourceTree = "<group>"; };
		ABB2156C2B420A9D00E68D73 /* PopularListView-ViewModel.swift */ = {isa = PBXFileReference; lastKnownFileType = sourcecode.swift; path = "PopularListView-ViewModel.swift"; sourceTree = "<group>"; };
		ABF485742B42D2A7004AAAAB /* FavouriteListView-ViewModel.swift */ = {isa = PBXFileReference; lastKnownFileType = sourcecode.swift; path = "FavouriteListView-ViewModel.swift"; sourceTree = "<group>"; };
		ABF485762B42D33A004AAAAB /* SortType.swift */ = {isa = PBXFileReference; lastKnownFileType = sourcecode.swift; path = SortType.swift; sourceTree = "<group>"; };
		ABF821AD2B3C5EC000D5788D /* MainView.swift */ = {isa = PBXFileReference; lastKnownFileType = sourcecode.swift; path = MainView.swift; sourceTree = "<group>"; };
		ABF821AF2B3C5FD500D5788D /* FavouriteListView.swift */ = {isa = PBXFileReference; lastKnownFileType = sourcecode.swift; path = FavouriteListView.swift; sourceTree = "<group>"; };
		ABF821B12B3C614E00D5788D /* FavouriteRowView.swift */ = {isa = PBXFileReference; lastKnownFileType = sourcecode.swift; path = FavouriteRowView.swift; sourceTree = "<group>"; };
		ABF821B52B3C716200D5788D /* Favourites.swift */ = {isa = PBXFileReference; lastKnownFileType = sourcecode.swift; path = Favourites.swift; sourceTree = "<group>"; };
/* End PBXFileReference section */

/* Begin PBXFrameworksBuildPhase section */
		AB1E22172B3AE3B0009CD00E /* Frameworks */ = {
			isa = PBXFrameworksBuildPhase;
			buildActionMask = 2147483647;
			files = (
			);
			runOnlyForDeploymentPostprocessing = 0;
		};
/* End PBXFrameworksBuildPhase section */

/* Begin PBXGroup section */
		AB1242712B3B3B1F00510B93 /* View */ = {
			isa = PBXGroup;
			children = (
				ABF821AD2B3C5EC000D5788D /* MainView.swift */,
				AB1242752B3B80E900510B93 /* PopularListView.swift */,
				AB8338A92B42024B001175CF /* MovieRowView.swift */,
				ABF821AF2B3C5FD500D5788D /* FavouriteListView.swift */,
				ABF821B12B3C614E00D5788D /* FavouriteRowView.swift */,
				AB1242692B3B3A3A00510B93 /* MovieDetailView.swift */,
				AB1242772B3B86E100510B93 /* MovieTitleView.swift */,
				AB12427B2B3B89A900510B93 /* RatingView.swift */,
				AB12427D2B3B908600510B93 /* ActorListView.swift */,
				AB1242812B3B91F100510B93 /* ActorRowView.swift */,
			);
			path = View;
			sourceTree = "<group>";
		};
		AB1242722B3B3B2A00510B93 /* Model */ = {
			isa = PBXGroup;
			children = (
				AB12427F2B3B90B300510B93 /* Actor.swift */,
				AB12426F2B3B3AD600510B93 /* BOError.swift */,
				AB505AFD2B3B2E0E00B5090E /* Constants.swift */,
				ABF821B52B3C716200D5788D /* Favourites.swift */,
				AB12426B2B3B3A5200510B93 /* Movie.swift */,
				AB12426D2B3B3ABD00510B93 /* Result.swift */,
				ABF485762B42D33A004AAAAB /* SortType.swift */,
			);
			path = Model;
			sourceTree = "<group>";
		};
		AB1E22112B3AE3B0009CD00E = {
			isa = PBXGroup;
			children = (
				AB1E221C2B3AE3B0009CD00E /* BoxOffice */,
				AB1E221B2B3AE3B0009CD00E /* Products */,
			);
			sourceTree = "<group>";
		};
		AB1E221B2B3AE3B0009CD00E /* Products */ = {
			isa = PBXGroup;
			children = (
				AB1E221A2B3AE3B0009CD00E /* BoxOffice.app */,
			);
			name = Products;
			sourceTree = "<group>";
		};
		AB1E221C2B3AE3B0009CD00E /* BoxOffice */ = {
			isa = PBXGroup;
			children = (
				AB1E221D2B3AE3B0009CD00E /* BoxOfficeApp.swift */,
				AB1242712B3B3B1F00510B93 /* View */,
				ABF485782B42D534004AAAAB /* View Model */,
				AB1242722B3B3B2A00510B93 /* Model */,
				AB1E22212B3AE3B1009CD00E /* Assets.xcassets */,
				AB1E22232B3AE3B1009CD00E /* Preview Content */,
			);
			path = BoxOffice;
			sourceTree = "<group>";
		};
		AB1E22232B3AE3B1009CD00E /* Preview Content */ = {
			isa = PBXGroup;
			children = (
				AB1E22242B3AE3B1009CD00E /* Preview Assets.xcassets */,
			);
			path = "Preview Content";
			sourceTree = "<group>";
		};
		ABF485782B42D534004AAAAB /* View Model */ = {
			isa = PBXGroup;
			children = (
				ABB2156C2B420A9D00E68D73 /* PopularListView-ViewModel.swift */,
				ABF485742B42D2A7004AAAAB /* FavouriteListView-ViewModel.swift */,
				ABB2156A2B4207D900E68D73 /* ActorListView-ViewModel.swift */,
			);
			path = "View Model";
			sourceTree = "<group>";
		};
/* End PBXGroup section */

/* Begin PBXNativeTarget section */
		AB1E22192B3AE3B0009CD00E /* BoxOffice */ = {
			isa = PBXNativeTarget;
			buildConfigurationList = AB1E22282B3AE3B1009CD00E /* Build configuration list for PBXNativeTarget "BoxOffice" */;
			buildPhases = (
				AB1E22162B3AE3B0009CD00E /* Sources */,
				AB1E22172B3AE3B0009CD00E /* Frameworks */,
				AB1E22182B3AE3B0009CD00E /* Resources */,
			);
			buildRules = (
			);
			dependencies = (
			);
			name = BoxOffice;
			productName = BoxOffice;
			productReference = AB1E221A2B3AE3B0009CD00E /* BoxOffice.app */;
			productType = "com.apple.product-type.application";
		};
/* End PBXNativeTarget section */

/* Begin PBXProject section */
		AB1E22122B3AE3B0009CD00E /* Project object */ = {
			isa = PBXProject;
			attributes = {
				BuildIndependentTargetsInParallel = 1;
				LastSwiftUpdateCheck = 1500;
				LastUpgradeCheck = 1500;
				TargetAttributes = {
					AB1E22192B3AE3B0009CD00E = {
						CreatedOnToolsVersion = 15.0.1;
					};
				};
			};
			buildConfigurationList = AB1E22152B3AE3B0009CD00E /* Build configuration list for PBXProject "BoxOffice" */;
			compatibilityVersion = "Xcode 14.0";
			developmentRegion = en;
			hasScannedForEncodings = 0;
			knownRegions = (
				en,
				Base,
			);
			mainGroup = AB1E22112B3AE3B0009CD00E;
			productRefGroup = AB1E221B2B3AE3B0009CD00E /* Products */;
			projectDirPath = "";
			projectRoot = "";
			targets = (
				AB1E22192B3AE3B0009CD00E /* BoxOffice */,
			);
		};
/* End PBXProject section */

/* Begin PBXResourcesBuildPhase section */
		AB1E22182B3AE3B0009CD00E /* Resources */ = {
			isa = PBXResourcesBuildPhase;
			buildActionMask = 2147483647;
			files = (
				AB1E22252B3AE3B1009CD00E /* Preview Assets.xcassets in Resources */,
				AB1E22222B3AE3B1009CD00E /* Assets.xcassets in Resources */,
			);
			runOnlyForDeploymentPostprocessing = 0;
		};
/* End PBXResourcesBuildPhase section */

/* Begin PBXSourcesBuildPhase section */
		AB1E22162B3AE3B0009CD00E /* Sources */ = {
			isa = PBXSourcesBuildPhase;
			buildActionMask = 2147483647;
			files = (
				AB12426E2B3B3ABD00510B93 /* Result.swift in Sources */,
				ABB2156B2B4207D900E68D73 /* ActorListView-ViewModel.swift in Sources */,
				AB8338AA2B42024B001175CF /* MovieRowView.swift in Sources */,
				ABF821AE2B3C5EC000D5788D /* MainView.swift in Sources */,
				AB1242762B3B80E900510B93 /* PopularListView.swift in Sources */,
				AB1242802B3B90B300510B93 /* Actor.swift in Sources */,
				ABB2156D2B420A9D00E68D73 /* PopularListView-ViewModel.swift in Sources */,
				ABF485752B42D2A7004AAAAB /* FavouriteListView-ViewModel.swift in Sources */,
				AB12427C2B3B89A900510B93 /* RatingView.swift in Sources */,
				ABF821B62B3C716200D5788D /* Favourites.swift in Sources */,
				ABF485772B42D33A004AAAAB /* SortType.swift in Sources */,
				AB1E221E2B3AE3B0009CD00E /* BoxOfficeApp.swift in Sources */,
				AB12426A2B3B3A3A00510B93 /* MovieDetailView.swift in Sources */,
				AB505AFE2B3B2E0E00B5090E /* Constants.swift in Sources */,
				AB1242702B3B3AD600510B93 /* BOError.swift in Sources */,
				AB1242782B3B86E100510B93 /* MovieTitleView.swift in Sources */,
				AB12427E2B3B908600510B93 /* ActorListView.swift in Sources */,
				AB1242822B3B91F100510B93 /* ActorRowView.swift in Sources */,
				ABF821B02B3C5FD500D5788D /* FavouriteListView.swift in Sources */,
				ABF821B22B3C614E00D5788D /* FavouriteRowView.swift in Sources */,
				AB12426C2B3B3A5200510B93 /* Movie.swift in Sources */,
			);
			runOnlyForDeploymentPostprocessing = 0;
		};
/* End PBXSourcesBuildPhase section */

/* Begin XCBuildConfiguration section */
		AB1E22262B3AE3B1009CD00E /* Debug */ = {
			isa = XCBuildConfiguration;
			buildSettings = {
				ALWAYS_SEARCH_USER_PATHS = NO;
				ASSETCATALOG_COMPILER_GENERATE_SWIFT_ASSET_SYMBOL_EXTENSIONS = YES;
				CLANG_ANALYZER_NONNULL = YES;
				CLANG_ANALYZER_NUMBER_OBJECT_CONVERSION = YES_AGGRESSIVE;
				CLANG_CXX_LANGUAGE_STANDARD = "gnu++20";
				CLANG_ENABLE_MODULES = YES;
				CLANG_ENABLE_OBJC_ARC = YES;
				CLANG_ENABLE_OBJC_WEAK = YES;
				CLANG_WARN_BLOCK_CAPTURE_AUTORELEASING = YES;
				CLANG_WARN_BOOL_CONVERSION = YES;
				CLANG_WARN_COMMA = YES;
				CLANG_WARN_CONSTANT_CONVERSION = YES;
				CLANG_WARN_DEPRECATED_OBJC_IMPLEMENTATIONS = YES;
				CLANG_WARN_DIRECT_OBJC_ISA_USAGE = YES_ERROR;
				CLANG_WARN_DOCUMENTATION_COMMENTS = YES;
				CLANG_WARN_EMPTY_BODY = YES;
				CLANG_WARN_ENUM_CONVERSION = YES;
				CLANG_WARN_INFINITE_RECURSION = YES;
				CLANG_WARN_INT_CONVERSION = YES;
				CLANG_WARN_NON_LITERAL_NULL_CONVERSION = YES;
				CLANG_WARN_OBJC_IMPLICIT_RETAIN_SELF = YES;
				CLANG_WARN_OBJC_LITERAL_CONVERSION = YES;
				CLANG_WARN_OBJC_ROOT_CLASS = YES_ERROR;
				CLANG_WARN_QUOTED_INCLUDE_IN_FRAMEWORK_HEADER = YES;
				CLANG_WARN_RANGE_LOOP_ANALYSIS = YES;
				CLANG_WARN_STRICT_PROTOTYPES = YES;
				CLANG_WARN_SUSPICIOUS_MOVE = YES;
				CLANG_WARN_UNGUARDED_AVAILABILITY = YES_AGGRESSIVE;
				CLANG_WARN_UNREACHABLE_CODE = YES;
				CLANG_WARN__DUPLICATE_METHOD_MATCH = YES;
				COPY_PHASE_STRIP = NO;
				DEBUG_INFORMATION_FORMAT = dwarf;
				ENABLE_STRICT_OBJC_MSGSEND = YES;
				ENABLE_TESTABILITY = YES;
				ENABLE_USER_SCRIPT_SANDBOXING = YES;
				GCC_C_LANGUAGE_STANDARD = gnu17;
				GCC_DYNAMIC_NO_PIC = NO;
				GCC_NO_COMMON_BLOCKS = YES;
				GCC_OPTIMIZATION_LEVEL = 0;
				GCC_PREPROCESSOR_DEFINITIONS = (
					"DEBUG=1",
					"$(inherited)",
				);
				GCC_WARN_64_TO_32_BIT_CONVERSION = YES;
				GCC_WARN_ABOUT_RETURN_TYPE = YES_ERROR;
				GCC_WARN_UNDECLARED_SELECTOR = YES;
				GCC_WARN_UNINITIALIZED_AUTOS = YES_AGGRESSIVE;
				GCC_WARN_UNUSED_FUNCTION = YES;
				GCC_WARN_UNUSED_VARIABLE = YES;
				IPHONEOS_DEPLOYMENT_TARGET = 17.0;
				LOCALIZATION_PREFERS_STRING_CATALOGS = YES;
				MTL_ENABLE_DEBUG_INFO = INCLUDE_SOURCE;
				MTL_FAST_MATH = YES;
				ONLY_ACTIVE_ARCH = YES;
				SDKROOT = iphoneos;
				SWIFT_ACTIVE_COMPILATION_CONDITIONS = "DEBUG $(inherited)";
				SWIFT_OPTIMIZATION_LEVEL = "-Onone";
			};
			name = Debug;
		};
		AB1E22272B3AE3B1009CD00E /* Release */ = {
			isa = XCBuildConfiguration;
			buildSettings = {
				ALWAYS_SEARCH_USER_PATHS = NO;
				ASSETCATALOG_COMPILER_GENERATE_SWIFT_ASSET_SYMBOL_EXTENSIONS = YES;
				CLANG_ANALYZER_NONNULL = YES;
				CLANG_ANALYZER_NUMBER_OBJECT_CONVERSION = YES_AGGRESSIVE;
				CLANG_CXX_LANGUAGE_STANDARD = "gnu++20";
				CLANG_ENABLE_MODULES = YES;
				CLANG_ENABLE_OBJC_ARC = YES;
				CLANG_ENABLE_OBJC_WEAK = YES;
				CLANG_WARN_BLOCK_CAPTURE_AUTORELEASING = YES;
				CLANG_WARN_BOOL_CONVERSION = YES;
				CLANG_WARN_COMMA = YES;
				CLANG_WARN_CONSTANT_CONVERSION = YES;
				CLANG_WARN_DEPRECATED_OBJC_IMPLEMENTATIONS = YES;
				CLANG_WARN_DIRECT_OBJC_ISA_USAGE = YES_ERROR;
				CLANG_WARN_DOCUMENTATION_COMMENTS = YES;
				CLANG_WARN_EMPTY_BODY = YES;
				CLANG_WARN_ENUM_CONVERSION = YES;
				CLANG_WARN_INFINITE_RECURSION = YES;
				CLANG_WARN_INT_CONVERSION = YES;
				CLANG_WARN_NON_LITERAL_NULL_CONVERSION = YES;
				CLANG_WARN_OBJC_IMPLICIT_RETAIN_SELF = YES;
				CLANG_WARN_OBJC_LITERAL_CONVERSION = YES;
				CLANG_WARN_OBJC_ROOT_CLASS = YES_ERROR;
				CLANG_WARN_QUOTED_INCLUDE_IN_FRAMEWORK_HEADER = YES;
				CLANG_WARN_RANGE_LOOP_ANALYSIS = YES;
				CLANG_WARN_STRICT_PROTOTYPES = YES;
				CLANG_WARN_SUSPICIOUS_MOVE = YES;
				CLANG_WARN_UNGUARDED_AVAILABILITY = YES_AGGRESSIVE;
				CLANG_WARN_UNREACHABLE_CODE = YES;
				CLANG_WARN__DUPLICATE_METHOD_MATCH = YES;
				COPY_PHASE_STRIP = NO;
				DEBUG_INFORMATION_FORMAT = "dwarf-with-dsym";
				ENABLE_NS_ASSERTIONS = NO;
				ENABLE_STRICT_OBJC_MSGSEND = YES;
				ENABLE_USER_SCRIPT_SANDBOXING = YES;
				GCC_C_LANGUAGE_STANDARD = gnu17;
				GCC_NO_COMMON_BLOCKS = YES;
				GCC_WARN_64_TO_32_BIT_CONVERSION = YES;
				GCC_WARN_ABOUT_RETURN_TYPE = YES_ERROR;
				GCC_WARN_UNDECLARED_SELECTOR = YES;
				GCC_WARN_UNINITIALIZED_AUTOS = YES_AGGRESSIVE;
				GCC_WARN_UNUSED_FUNCTION = YES;
				GCC_WARN_UNUSED_VARIABLE = YES;
				IPHONEOS_DEPLOYMENT_TARGET = 17.0;
				LOCALIZATION_PREFERS_STRING_CATALOGS = YES;
				MTL_ENABLE_DEBUG_INFO = NO;
				MTL_FAST_MATH = YES;
				SDKROOT = iphoneos;
				SWIFT_COMPILATION_MODE = wholemodule;
				VALIDATE_PRODUCT = YES;
			};
			name = Release;
		};
		AB1E22292B3AE3B1009CD00E /* Debug */ = {
			isa = XCBuildConfiguration;
			buildSettings = {
				ASSETCATALOG_COMPILER_APPICON_NAME = AppIcon;
				ASSETCATALOG_COMPILER_GLOBAL_ACCENT_COLOR_NAME = AccentColor;
				CODE_SIGN_STYLE = Automatic;
				CURRENT_PROJECT_VERSION = 1;
				DEVELOPMENT_ASSET_PATHS = "\"BoxOffice/Preview Content\"";
				DEVELOPMENT_TEAM = 3484N7QHF7;
				ENABLE_PREVIEWS = YES;
				GENERATE_INFOPLIST_FILE = YES;
				INFOPLIST_KEY_CFBundleDisplayName = "Box Office";
				INFOPLIST_KEY_UIApplicationSceneManifest_Generation = YES;
				INFOPLIST_KEY_UIApplicationSupportsIndirectInputEvents = YES;
				INFOPLIST_KEY_UILaunchScreen_Generation = YES;
				INFOPLIST_KEY_UISupportedInterfaceOrientations_iPad = "UIInterfaceOrientationPortrait UIInterfaceOrientationPortraitUpsideDown UIInterfaceOrientationLandscapeLeft UIInterfaceOrientationLandscapeRight";
				INFOPLIST_KEY_UISupportedInterfaceOrientations_iPhone = "UIInterfaceOrientationPortrait UIInterfaceOrientationLandscapeLeft UIInterfaceOrientationLandscapeRight";
				LD_RUNPATH_SEARCH_PATHS = (
					"$(inherited)",
					"@executable_path/Frameworks",
				);
				MARKETING_VERSION = 1.0;
				PRODUCT_BUNDLE_IDENTIFIER = com.zacharyfarnes.BoxOffice;
				PRODUCT_NAME = "$(TARGET_NAME)";
				SWIFT_EMIT_LOC_STRINGS = YES;
				SWIFT_VERSION = 5.0;
				TARGETED_DEVICE_FAMILY = "1,2";
			};
			name = Debug;
		};
		AB1E222A2B3AE3B1009CD00E /* Release */ = {
			isa = XCBuildConfiguration;
			buildSettings = {
				ASSETCATALOG_COMPILER_APPICON_NAME = AppIcon;
				ASSETCATALOG_COMPILER_GLOBAL_ACCENT_COLOR_NAME = AccentColor;
				CODE_SIGN_STYLE = Automatic;
				CURRENT_PROJECT_VERSION = 1;
				DEVELOPMENT_ASSET_PATHS = "\"BoxOffice/Preview Content\"";
				DEVELOPMENT_TEAM = 3484N7QHF7;
				ENABLE_PREVIEWS = YES;
				GENERATE_INFOPLIST_FILE = YES;
				INFOPLIST_KEY_CFBundleDisplayName = "Box Office";
				INFOPLIST_KEY_UIApplicationSceneManifest_Generation = YES;
				INFOPLIST_KEY_UIApplicationSupportsIndirectInputEvents = YES;
				INFOPLIST_KEY_UILaunchScreen_Generation = YES;
				INFOPLIST_KEY_UISupportedInterfaceOrientations_iPad = "UIInterfaceOrientationPortrait UIInterfaceOrientationPortraitUpsideDown UIInterfaceOrientationLandscapeLeft UIInterfaceOrientationLandscapeRight";
				INFOPLIST_KEY_UISupportedInterfaceOrientations_iPhone = "UIInterfaceOrientationPortrait UIInterfaceOrientationLandscapeLeft UIInterfaceOrientationLandscapeRight";
				LD_RUNPATH_SEARCH_PATHS = (
					"$(inherited)",
					"@executable_path/Frameworks",
				);
				MARKETING_VERSION = 1.0;
				PRODUCT_BUNDLE_IDENTIFIER = com.zacharyfarnes.BoxOffice;
				PRODUCT_NAME = "$(TARGET_NAME)";
				SWIFT_EMIT_LOC_STRINGS = YES;
				SWIFT_VERSION = 5.0;
				TARGETED_DEVICE_FAMILY = "1,2";
			};
			name = Release;
		};
/* End XCBuildConfiguration section */

/* Begin XCConfigurationList section */
		AB1E22152B3AE3B0009CD00E /* Build configuration list for PBXProject "BoxOffice" */ = {
			isa = XCConfigurationList;
			buildConfigurations = (
				AB1E22262B3AE3B1009CD00E /* Debug */,
				AB1E22272B3AE3B1009CD00E /* Release */,
			);
			defaultConfigurationIsVisible = 0;
			defaultConfigurationName = Release;
		};
		AB1E22282B3AE3B1009CD00E /* Build configuration list for PBXNativeTarget "BoxOffice" */ = {
			isa = XCConfigurationList;
			buildConfigurations = (
				AB1E22292B3AE3B1009CD00E /* Debug */,
				AB1E222A2B3AE3B1009CD00E /* Release */,
			);
			defaultConfigurationIsVisible = 0;
			defaultConfigurationName = Release;
		};
/* End XCConfigurationList section */
	};
	rootObject = AB1E22122B3AE3B0009CD00E /* Project object */;
}
